
Microsoft Visual Studio Solution File, Format Version 12.00
# Visual Studio Version 16
VisualStudioVersion = 16.0.29519.87
MinimumVisualStudioVersion = 10.0.40219.1
Project("{FAE04EC0-301F-11D3-BF4B-00C04F79EFBC}") = "Stok_uygulama", "Stok_uygulama\Stok_uygulama.csproj", "{A6547D27-C629-48DA-BBD2-46AF14367E97}"
EndProject
Global
	GlobalSection(SolutionConfigurationPlatforms) = preSolution
		Debug|Any CPU = Debug|Any CPU
		Release|Any CPU = Release|Any CPU
	EndGlobalSection
	GlobalSection(ProjectConfigurationPlatforms) = postSolution
		{A6547D27-C629-48DA-BBD2-46AF14367E97}.Debug|Any CPU.ActiveCfg = Debug|Any CPU
		{A6547D27-C629-48DA-BBD2-46AF14367E97}.Debug|Any CPU.Build.0 = Debug|Any CPU
		{A6547D27-C629-48DA-BBD2-46AF14367E97}.Release|Any CPU.ActiveCfg = Release|Any CPU
		{A6547D27-C629-48DA-BBD2-46AF14367E97}.Release|Any CPU.Build.0 = Release|Any CPU
	EndGlobalSection
	GlobalSection(SolutionProperties) = preSolution
		HideSolutionNode = FALSE
	EndGlobalSection
	GlobalSection(ExtensibilityGlobals) = postSolution
		SolutionGuid = {419CFCDD-0268-4B35-80D8-E3A5CB2A87BB}
	EndGlobalSection
EndGlobal
